Microsoft Visual Studio Solution File, Format Version 12.00
# Visual Studio Version 17
Project("{FAE04EC0-301F-11D3-BF4B-00C04F79EFBC}") = "platformer", "platformer.csproj", "{D8B3A2F1-2B3C-4D67-ABCD-1234567890CD}"
EndProject
Global
	GlobalSection(SolutionConfigurationPlatforms) = preSolution
		Debug|Any CPU = Debug|Any CPU
		ExportDebug|Any CPU = ExportDebug|Any CPU
		ExportRelease|Any CPU = ExportRelease|Any CPU
	EndGlobalSection
	GlobalSection(ProjectConfigurationPlatforms) = postSolution
		{D8B3A2F1-2B3C-4D67-ABCD-1234567890CD}.Debug|Any CPU.ActiveCfg = Debug|Any CPU
		{D8B3A2F1-2B3C-4D67-ABCD-1234567890CD}.Debug|Any CPU.Build.0 = Debug|Any CPU
		{D8B3A2F1-2B3C-4D67-ABCD-1234567890CD}.ExportDebug|Any CPU.ActiveCfg = ExportDebug|Any CPU
		{D8B3A2F1-2B3C-4D67-ABCD-1234567890CD}.ExportDebug|Any CPU.Build.0 = ExportDebug|Any CPU
		{D8B3A2F1-2B3C-4D67-ABCD-1234567890CD}.ExportRelease|Any CPU.ActiveCfg = ExportRelease|Any CPU
		{D8B3A2F1-2B3C-4D67-ABCD-1234567890CD}.ExportRelease|Any CPU.Build.0 = ExportRelease|Any CPU
	EndGlobalSection
EndGlobal
